<?xml version="1.0" encoding="UTF-8" standalone="yes" ?>
<CodeBlocks_project_file>
	<FileVersion major="1" minor="6" />
	<Project>
		<Option title="checkerboard" />
		<Option pch_mode="2" />
		<Option compiler="gcc" />
		<Build>
			<Target title="MenuMode">
				<Option output="bin/MenuMode/diagonal" prefix_auto="1" extension_auto="1" />
				<Option object_output="obj/MenuMode/" />
				<Option type="1" />
				<Option compiler="gcc" />
				<Compiler>
					<Add option="-g" />
					<Add option="-DNORMAL_MODE" />
				</Compiler>
			</Target>
			<Target title="UnitTestMode">
				<Option output="bin/UnitTestMode/diagonal" prefix_auto="1" extension_auto="1" />
				<Option object_output="obj/UnitTestMode/" />
				<Option type="1" />
				<Option compiler="gcc" />
				<Compiler>
					<Add option="-g" />
					<Add option="-DNORMAL_MODE" />
				</Compiler>
			</Target>
		</Build>
		<Compiler>
			<Add option="-Wall" />
			<Add option="-fexceptions" />
		</Compiler>
		<Unit filename="catch.hpp">
			<Option target="UnitTestMode" />
		</Unit>
		<Unit filename="checkerboard.cbp" />
		<Unit filename="checkerboardmatrix.cpp" />
		<Unit filename="checkerboardmatrix.h" />
		<Unit filename="checkerboardmatrix_test.cpp">
			<Option target="UnitTestMode" />
		</Unit>
		<Unit filename="indextransformer_test.cpp">
			<Option target="UnitTestMode" />
		</Unit>
		<Unit filename="main.cpp">
			<Option target="MenuMode" />
		</Unit>
		<Unit filename="main_tests.cpp">
			<Option target="UnitTestMode" />
		</Unit>
		<Unit filename="menu.cpp">
			<Option target="MenuMode" />
		</Unit>
		<Unit filename="read.hpp">
			<Option target="MenuMode" />
		</Unit>
		<Extensions />
	</Project>
</CodeBlocks_project_file>
